// !$*UTF8*$!
{
	archiveVersion = 1;
	classes = {
	};
	objectVersion = 46;
	objects = {

/* Begin PBXBuildFile section */
		233B20C31E818408003A9EDE /* Keys.plist in Resources */ = {isa = PBXBuildFile; fileRef = 233B20C21E818408003A9EDE /* Keys.plist */; };
		237DF5891E2982A500B365FB /* RestKit.framework in Frameworks */ = {isa = PBXBuildFile; fileRef = 237DF5881E2982A500B365FB /* RestKit.framework */; };
		237DF5991E2D726F00B365FB /* AudioKit.framework in Frameworks */ = {isa = PBXBuildFile; fileRef = 237DF5981E2D726F00B365FB /* AudioKit.framework */; };
		237DF59B1E2D82D700B365FB /* watson_logo.png in Resources */ = {isa = PBXBuildFile; fileRef = 237DF59A1E2D82D700B365FB /* watson_logo.png */; };
		2381C7DB1E288ED100329FE0 /* AppDelegate.swift in Sources */ = {isa = PBXBuildFile; fileRef = 2381C7DA1E288ED100329FE0 /* AppDelegate.swift */; };
		2381C7DD1E288ED100329FE0 /* ViewController.swift in Sources */ = {isa = PBXBuildFile; fileRef = 2381C7DC1E288ED100329FE0 /* ViewController.swift */; };
		2381C7E01E288ED100329FE0 /* Main.storyboard in Resources */ = {isa = PBXBuildFile; fileRef = 2381C7DE1E288ED100329FE0 /* Main.storyboard */; };
		2381C7E21E288ED100329FE0 /* Assets.xcassets in Resources */ = {isa = PBXBuildFile; fileRef = 2381C7E11E288ED100329FE0 /* Assets.xcassets */; };
		2381C7E51E288ED100329FE0 /* LaunchScreen.storyboard in Resources */ = {isa = PBXBuildFile; fileRef = 2381C7E31E288ED100329FE0 /* LaunchScreen.storyboard */; };
		2381C7F01E288ED100329FE0 /* Candy_MachineTests.swift in Sources */ = {isa = PBXBuildFile; fileRef = 2381C7EF1E288ED100329FE0 /* Candy_MachineTests.swift */; };
		2381C7FB1E288ED100329FE0 /* Candy_MachineUITests.swift in Sources */ = {isa = PBXBuildFile; fileRef = 2381C7FA1E288ED100329FE0 /* Candy_MachineUITests.swift */; };
		23852F671E29720E0010386E /* SpeechToTextV1.framework in Frameworks */ = {isa = PBXBuildFile; fileRef = 23852F541E294CA60010386E /* SpeechToTextV1.framework */; settings = {ATTRIBUTES = (Required, ); }; };
		23B0AEB11E958F8700EBB8D0 /* Cartfile in Resources */ = {isa = PBXBuildFile; fileRef = 23B0AEB01E958F8700EBB8D0 /* Cartfile */; };
/* End PBXBuildFile section */

/* Begin PBXContainerItemProxy section */
		2381C7EC1E288ED100329FE0 /* PBXContainerItemProxy */ = {
			isa = PBXContainerItemProxy;
			containerPortal = 2381C7CF1E288ED100329FE0 /* Project object */;
			proxyType = 1;
			remoteGlobalIDString = 2381C7D61E288ED100329FE0;
			remoteInfo = "Candy-Machine";
		};
		2381C7F71E288ED100329FE0 /* PBXContainerItemProxy */ = {
			isa = PBXContainerItemProxy;
			containerPortal = 2381C7CF1E288ED100329FE0 /* Project object */;
			proxyType = 1;
			remoteGlobalIDString = 2381C7D61E288ED100329FE0;
			remoteInfo = "Candy-Machine";
		};
/* End PBXContainerItemProxy section */

/* Begin PBXFileReference section */
		233B20C21E818408003A9EDE /* Keys.plist */ = {isa = PBXFileReference; fileEncoding = 4; lastKnownFileType = text.plist.xml; path = Keys.plist; sourceTree = "<group>"; };
		237DF5881E2982A500B365FB /* RestKit.framework */ = {isa = PBXFileReference; lastKnownFileType = wrapper.framework; name = RestKit.framework; path = Carthage/Build/iOS/RestKit.framework; sourceTree = "<group>"; };
		237DF5981E2D726F00B365FB /* AudioKit.framework */ = {isa = PBXFileReference; lastKnownFileType = wrapper.framework; name = AudioKit.framework; path = Carthage/Build/iOS/AudioKit.framework; sourceTree = "<group>"; };
		237DF59A1E2D82D700B365FB /* watson_logo.png */ = {isa = PBXFileReference; lastKnownFileType = image.png; path = watson_logo.png; sourceTree = "<group>"; };
		2381C7DA1E288ED100329FE0 /* AppDelegate.swift */ = {isa = PBXFileReference; lastKnownFileType = sourcecode.swift; path = AppDelegate.swift; sourceTree = "<group>"; };
		2381C7DC1E288ED100329FE0 /* ViewController.swift */ = {isa = PBXFileReference; lastKnownFileType = sourcecode.swift; path = ViewController.swift; sourceTree = "<group>"; };
		2381C7DF1E288ED100329FE0 /* Base */ = {isa = PBXFileReference; lastKnownFileType = file.storyboard; name = Base; path = Base.lproj/Main.storyboard; sourceTree = "<group>"; };
		2381C7E11E288ED100329FE0 /* Assets.xcassets */ = {isa = PBXFileReference; lastKnownFileType = folder.assetcatalog; path = Assets.xcassets; sourceTree = "<group>"; };
		2381C7E41E288ED100329FE0 /* Base */ = {isa = PBXFileReference; lastKnownFileType = file.storyboard; name = Base; path = Base.lproj/LaunchScreen.storyboard; sourceTree = "<group>"; };
		2381C7E61E288ED100329FE0 /* Info.plist */ = {isa = PBXFileReference; lastKnownFileType = text.plist.xml; path = Info.plist; sourceTree = "<group>"; };
		2381C7EF1E288ED100329FE0 /* Candy_MachineTests.swift */ = {isa = PBXFileReference; lastKnownFileType = sourcecode.swift; path = Candy_MachineTests.swift; sourceTree = "<group>"; };
		2381C7F11E288ED100329FE0 /* Info.plist */ = {isa = PBXFileReference; lastKnownFileType = text.plist.xml; path = Info.plist; sourceTree = "<group>"; };
		2381C7FA1E288ED100329FE0 /* Candy_MachineUITests.swift */ = {isa = PBXFileReference; lastKnownFileType = sourcecode.swift; path = Candy_MachineUITests.swift; sourceTree = "<group>"; };
		2381C7FC1E288ED100329FE0 /* Info.plist */ = {isa = PBXFileReference; lastKnownFileType = text.plist.xml; path = Info.plist; sourceTree = "<group>"; };
		23852F541E294CA60010386E /* SpeechToTextV1.framework */ = {isa = PBXFileReference; lastKnownFileType = wrapper.framework; name = SpeechToTextV1.framework; path = Carthage/Build/iOS/SpeechToTextV1.framework; sourceTree = "<group>"; };
		238860E71EE0CDA400B05788 /* Candy-Machine.app */ = {isa = PBXFileReference; explicitFileType = wrapper.application; includeInIndex = 0; path = "Candy-Machine.app"; sourceTree = BUILT_PRODUCTS_DIR; };
		238860E81EE0CDA400B05788 /* Candy-MachineTests.xctest */ = {isa = PBXFileReference; explicitFileType = wrapper.cfbundle; includeInIndex = 0; path = "Candy-MachineTests.xctest"; sourceTree = BUILT_PRODUCTS_DIR; };
		238860E91EE0CDA400B05788 /* Candy-MachineUITests.xctest */ = {isa = PBXFileReference; explicitFileType = wrapper.cfbundle; includeInIndex = 0; path = "Candy-MachineUITests.xctest"; sourceTree = BUILT_PRODUCTS_DIR; };
		23B0AEB01E958F8700EBB8D0 /* Cartfile */ = {isa = PBXFileReference; fileEncoding = 4; lastKnownFileType = text; name = Cartfile; path = "Candy-Machine/Cartfile"; sourceTree = "<group>"; };
/* End PBXFileReference section */

/* Begin PBXFrameworksBuildPhase section */
		2381C7D41E288ED100329FE0 /* Frameworks */ = {
			isa = PBXFrameworksBuildPhase;
			buildActionMask = 2147483647;
			files = (
				237DF5991E2D726F00B365FB /* AudioKit.framework in Frameworks */,
				237DF5891E2982A500B365FB /* RestKit.framework in Frameworks */,
				23852F671E29720E0010386E /* SpeechToTextV1.framework in Frameworks */,
			);
			runOnlyForDeploymentPostprocessing = 0;
		};
		2381C7E81E288ED100329FE0 /* Frameworks */ = {
			isa = PBXFrameworksBuildPhase;
			buildActionMask = 2147483647;
			files = (
			);
			runOnlyForDeploymentPostprocessing = 0;
		};
		2381C7F31E288ED100329FE0 /* Frameworks */ = {
			isa = PBXFrameworksBuildPhase;
			buildActionMask = 2147483647;
			files = (
			);
			runOnlyForDeploymentPostprocessing = 0;
		};
/* End PBXFrameworksBuildPhase section */

/* Begin PBXGroup section */
		2381C7CE1E288ED100329FE0 = {
			isa = PBXGroup;
			children = (
				2381C7D91E288ED100329FE0 /* Candy-Machine */,
				2381C7EE1E288ED100329FE0 /* Candy-MachineTests */,
				2381C7F91E288ED100329FE0 /* Candy-MachineUITests */,
				23B0AEB01E958F8700EBB8D0 /* Cartfile */,
				23852F531E294CA60010386E /* Frameworks */,
				238860E71EE0CDA400B05788 /* Candy-Machine.app */,
				238860E81EE0CDA400B05788 /* Candy-MachineTests.xctest */,
				238860E91EE0CDA400B05788 /* Candy-MachineUITests.xctest */,
			);
			sourceTree = "<group>";
		};
		2381C7D91E288ED100329FE0 /* Candy-Machine */ = {
			isa = PBXGroup;
			children = (
				2381C7DA1E288ED100329FE0 /* AppDelegate.swift */,
				2381C7DC1E288ED100329FE0 /* ViewController.swift */,
				237DF59A1E2D82D700B365FB /* watson_logo.png */,
				2381C7DE1E288ED100329FE0 /* Main.storyboard */,
				2381C7E11E288ED100329FE0 /* Assets.xcassets */,
				2381C7E31E288ED100329FE0 /* LaunchScreen.storyboard */,
				233B20C21E818408003A9EDE /* Keys.plist */,
				2381C7E61E288ED100329FE0 /* Info.plist */,
			);
			path = "Candy-Machine";
			sourceTree = "<group>";
		};
		2381C7EE1E288ED100329FE0 /* Candy-MachineTests */ = {
			isa = PBXGroup;
			children = (
				2381C7EF1E288ED100329FE0 /* Candy_MachineTests.swift */,
				2381C7F11E288ED100329FE0 /* Info.plist */,
			);
			path = "Candy-MachineTests";
			sourceTree = "<group>";
		};
		2381C7F91E288ED100329FE0 /* Candy-MachineUITests */ = {
			isa = PBXGroup;
			children = (
				2381C7FA1E288ED100329FE0 /* Candy_MachineUITests.swift */,
				2381C7FC1E288ED100329FE0 /* Info.plist */,
			);
			path = "Candy-MachineUITests";
			sourceTree = "<group>";
		};
		23852F531E294CA60010386E /* Frameworks */ = {
			isa = PBXGroup;
			children = (
				237DF5981E2D726F00B365FB /* AudioKit.framework */,
				237DF5881E2982A500B365FB /* RestKit.framework */,
				23852F541E294CA60010386E /* SpeechToTextV1.framework */,
			);
			name = Frameworks;
			sourceTree = "<group>";
		};
/* End PBXGroup section */

/* Begin PBXNativeTarget section */
		2381C7D61E288ED100329FE0 /* Candy-Machine */ = {
			isa = PBXNativeTarget;
			buildConfigurationList = 2381C7FF1E288ED100329FE0 /* Build configuration list for PBXNativeTarget "Candy-Machine" */;
			buildPhases = (
				2381C7D31E288ED100329FE0 /* Sources */,
				2381C7D41E288ED100329FE0 /* Frameworks */,
				2381C7D51E288ED100329FE0 /* Resources */,
				23852F561E294CAE0010386E /* ShellScript */,
			);
			buildRules = (
			);
			dependencies = (
			);
			name = "Candy-Machine";
			productName = "Candy-Machine";
			productReference = 238860E71EE0CDA400B05788 /* Candy-Machine.app */;
			productType = "com.apple.product-type.application";
		};
		2381C7EA1E288ED100329FE0 /* Candy-MachineTests */ = {
			isa = PBXNativeTarget;
			buildConfigurationList = 2381C8021E288ED100329FE0 /* Build configuration list for PBXNativeTarget "Candy-MachineTests" */;
			buildPhases = (
				19C3222304FC518213261B82 /* [CP] Check Pods Manifest.lock */,
				2381C7E71E288ED100329FE0 /* Sources */,
				2381C7E81E288ED100329FE0 /* Frameworks */,
				2381C7E91E288ED100329FE0 /* Resources */,
				0BF40B9C8129D07A03529BAD /* [CP] Embed Pods Frameworks */,
				9F6A150AE0999675A0350EAE /* [CP] Copy Pods Resources */,
			);
			buildRules = (
			);
			dependencies = (
				2381C7ED1E288ED100329FE0 /* PBXTargetDependency */,
			);
			name = "Candy-MachineTests";
			productName = "Candy-MachineTests";
			productReference = 238860E81EE0CDA400B05788 /* Candy-MachineTests.xctest */;
			productType = "com.apple.product-type.bundle.unit-test";
		};
		2381C7F51E288ED100329FE0 /* Candy-MachineUITests */ = {
			isa = PBXNativeTarget;
			buildConfigurationList = 2381C8051E288ED100329FE0 /* Build configuration list for PBXNativeTarget "Candy-MachineUITests" */;
			buildPhases = (
				D718A4E29732F76FE49AA5E2 /* [CP] Check Pods Manifest.lock */,
				2381C7F21E288ED100329FE0 /* Sources */,
				2381C7F31E288ED100329FE0 /* Frameworks */,
				2381C7F41E288ED100329FE0 /* Resources */,
				C3E55DA541152365F2DB1D8B /* [CP] Embed Pods Frameworks */,
				25CBD9459DD83C5C13C9613A /* [CP] Copy Pods Resources */,
			);
			buildRules = (
			);
			dependencies = (
				2381C7F81E288ED100329FE0 /* PBXTargetDependency */,
			);
			name = "Candy-MachineUITests";
			productName = "Candy-MachineUITests";
			productReference = 238860E91EE0CDA400B05788 /* Candy-MachineUITests.xctest */;
			productType = "com.apple.product-type.bundle.ui-testing";
		};
/* End PBXNativeTarget section */

/* Begin PBXProject section */
		2381C7CF1E288ED100329FE0 /* Project object */ = {
			isa = PBXProject;
			attributes = {
				LastSwiftUpdateCheck = 0820;
				LastUpgradeCheck = 0820;
				ORGANIZATIONNAME = "Nicholas Bourdakos";
				TargetAttributes = {
					2381C7D61E288ED100329FE0 = {
						CreatedOnToolsVersion = 8.2.1;
						DevelopmentTeam = KGK2UJBFUH;
						ProvisioningStyle = Automatic;
					};
					2381C7EA1E288ED100329FE0 = {
						CreatedOnToolsVersion = 8.2.1;
						DevelopmentTeam = KGK2UJBFUH;
						ProvisioningStyle = Automatic;
						TestTargetID = 2381C7D61E288ED100329FE0;
					};
					2381C7F51E288ED100329FE0 = {
						CreatedOnToolsVersion = 8.2.1;
						DevelopmentTeam = KGK2UJBFUH;
						ProvisioningStyle = Automatic;
						TestTargetID = 2381C7D61E288ED100329FE0;
					};
				};
			};
			buildConfigurationList = 2381C7D21E288ED100329FE0 /* Build configuration list for PBXProject "Candy-Machine" */;
			compatibilityVersion = "Xcode 3.2";
			developmentRegion = English;
			hasScannedForEncodings = 0;
			knownRegions = (
				en,
				Base,
			);
			mainGroup = 2381C7CE1E288ED100329FE0;
			productRefGroup = 2381C7CE1E288ED100329FE0;
			projectDirPath = "";
			projectRoot = "";
			targets = (
				2381C7D61E288ED100329FE0 /* Candy-Machine */,
				2381C7EA1E288ED100329FE0 /* Candy-MachineTests */,
				2381C7F51E288ED100329FE0 /* Candy-MachineUITests */,
			);
		};
/* End PBXProject section */

/* Begin PBXResourcesBuildPhase section */
		2381C7D51E288ED100329FE0 /* Resources */ = {
			isa = PBXResourcesBuildPhase;
			buildActionMask = 2147483647;
			files = (
				23B0AEB11E958F8700EBB8D0 /* Cartfile in Resources */,
				233B20C31E818408003A9EDE /* Keys.plist in Resources */,
				2381C7E51E288ED100329FE0 /* LaunchScreen.storyboard in Resources */,
				2381C7E21E288ED100329FE0 /* Assets.xcassets in Resources */,
				237DF59B1E2D82D700B365FB /* watson_logo.png in Resources */,
				2381C7E01E288ED100329FE0 /* Main.storyboard in Resources */,
			);
			runOnlyForDeploymentPostprocessing = 0;
		};
		2381C7E91E288ED100329FE0 /* Resources */ = {
			isa = PBXResourcesBuildPhase;
			buildActionMask = 2147483647;
			files = (
			);
			runOnlyForDeploymentPostprocessing = 0;
		};
		2381C7F41E288ED100329FE0 /* Resources */ = {
			isa = PBXResourcesBuildPhase;
			buildActionMask = 2147483647;
			files = (
			);
			runOnlyForDeploymentPostprocessing = 0;
		};
/* End PBXResourcesBuildPhase section */

/* Begin PBXShellScriptBuildPhase section */
		0BF40B9C8129D07A03529BAD /* [CP] Embed Pods Frameworks */ = {
			isa = PBXShellScriptBuildPhase;
			buildActionMask = 2147483647;
			files = (
			);
			inputPaths = (
			);
			name = "[CP] Embed Pods Frameworks";
			outputPaths = (
			);
			runOnlyForDeploymentPostprocessing = 0;
			shellPath = /bin/sh;
			shellScript = "\"${SRCROOT}/Pods/Target Support Files/Pods-Candy-MachineTests/Pods-Candy-MachineTests-frameworks.sh\"\n";
			showEnvVarsInLog = 0;
		};
		19C3222304FC518213261B82 /* [CP] Check Pods Manifest.lock */ = {
			isa = PBXShellScriptBuildPhase;
			buildActionMask = 2147483647;
			files = (
			);
			inputPaths = (
			);
			name = "[CP] Check Pods Manifest.lock";
			outputPaths = (
			);
			runOnlyForDeploymentPostprocessing = 0;
			shellPath = /bin/sh;
			shellScript = "diff \"${PODS_ROOT}/../Podfile.lock\" \"${PODS_ROOT}/Manifest.lock\" > /dev/null\nif [ $? != 0 ] ; then\n    # print error to STDERR\n    echo \"error: The sandbox is not in sync with the Podfile.lock. Run 'pod install' or update your CocoaPods installation.\" >&2\n    exit 1\nfi\n";
			showEnvVarsInLog = 0;
		};
		23852F561E294CAE0010386E /* ShellScript */ = {
			isa = PBXShellScriptBuildPhase;
			buildActionMask = 2147483647;
			files = (
			);
			inputPaths = (
				"$(SRCROOT)/Carthage/Build/iOS/SpeechToTextV1.framework",
				"$(SRCROOT)/Carthage/Build/iOS/RestKit.framework",
				"$(SRCROOT)/Carthage/Build/iOS/AudioKit.framework",
			);
			outputPaths = (
			);
			runOnlyForDeploymentPostprocessing = 0;
			shellPath = /bin/sh;
			shellScript = "/usr/local/bin/carthage copy-frameworks";
		};
		25CBD9459DD83C5C13C9613A /* [CP] Copy Pods Resources */ = {
			isa = PBXShellScriptBuildPhase;
			buildActionMask = 2147483647;
			files = (
			);
			inputPaths = (
			);
			name = "[CP] Copy Pods Resources";
			outputPaths = (
			);
			runOnlyForDeploymentPostprocessing = 0;
			shellPath = /bin/sh;
			shellScript = "\"${SRCROOT}/Pods/Target Support Files/Pods-Candy-MachineUITests/Pods-Candy-MachineUITests-resources.sh\"\n";
			showEnvVarsInLog = 0;
		};
		9F6A150AE0999675A0350EAE /* [CP] Copy Pods Resources */ = {
			isa = PBXShellScriptBuildPhase;
			buildActionMask = 2147483647;
			files = (
			);
			inputPaths = (
			);
			name = "[CP] Copy Pods Resources";
			outputPaths = (
			);
			runOnlyForDeploymentPostprocessing = 0;
			shellPath = /bin/sh;
			shellScript = "\"${SRCROOT}/Pods/Target Support Files/Pods-Candy-MachineTests/Pods-Candy-MachineTests-resources.sh\"\n";
			showEnvVarsInLog = 0;
		};
		C3E55DA541152365F2DB1D8B /* [CP] Embed Pods Frameworks */ = {
			isa = PBXShellScriptBuildPhase;
			buildActionMask = 2147483647;
			files = (
			);
			inputPaths = (
			);
			name = "[CP] Embed Pods Frameworks";
			outputPaths = (
			);
			runOnlyForDeploymentPostprocessing = 0;
			shellPath = /bin/sh;
			shellScript = "\"${SRCROOT}/Pods/Target Support Files/Pods-Candy-MachineUITests/Pods-Candy-MachineUITests-frameworks.sh\"\n";
			showEnvVarsInLog = 0;
		};
		D718A4E29732F76FE49AA5E2 /* [CP] Check Pods Manifest.lock */ = {
			isa = PBXShellScriptBuildPhase;
			buildActionMask = 2147483647;
			files = (
			);
			inputPaths = (
			);
			name = "[CP] Check Pods Manifest.lock";
			outputPaths = (
			);
			runOnlyForDeploymentPostprocessing = 0;
			shellPath = /bin/sh;
			shellScript = "diff \"${PODS_ROOT}/../Podfile.lock\" \"${PODS_ROOT}/Manifest.lock\" > /dev/null\nif [ $? != 0 ] ; then\n    # print error to STDERR\n    echo \"error: The sandbox is not in sync with the Podfile.lock. Run 'pod install' or update your CocoaPods installation.\" >&2\n    exit 1\nfi\n";
			showEnvVarsInLog = 0;
		};
/* End PBXShellScriptBuildPhase section */

/* Begin PBXSourcesBuildPhase section */
		2381C7D31E288ED100329FE0 /* Sources */ = {
			isa = PBXSourcesBuildPhase;
			buildActionMask = 2147483647;
			files = (
				2381C7DD1E288ED100329FE0 /* ViewController.swift in Sources */,
				2381C7DB1E288ED100329FE0 /* AppDelegate.swift in Sources */,
			);
			runOnlyForDeploymentPostprocessing = 0;
		};
		2381C7E71E288ED100329FE0 /* Sources */ = {
			isa = PBXSourcesBuildPhase;
			buildActionMask = 2147483647;
			files = (
				2381C7F01E288ED100329FE0 /* Candy_MachineTests.swift in Sources */,
			);
			runOnlyForDeploymentPostprocessing = 0;
		};
		2381C7F21E288ED100329FE0 /* Sources */ = {
			isa = PBXSourcesBuildPhase;
			buildActionMask = 2147483647;
			files = (
				2381C7FB1E288ED100329FE0 /* Candy_MachineUITests.swift in Sources */,
			);
			runOnlyForDeploymentPostprocessing = 0;
		};
/* End PBXSourcesBuildPhase section */

/* Begin PBXTargetDependency section */
		2381C7ED1E288ED100329FE0 /* PBXTargetDependency */ = {
			isa = PBXTargetDependency;
			target = 2381C7D61E288ED100329FE0 /* Candy-Machine */;
			targetProxy = 2381C7EC1E288ED100329FE0 /* PBXContainerItemProxy */;
		};
		2381C7F81E288ED100329FE0 /* PBXTargetDependency */ = {
			isa = PBXTargetDependency;
			target = 2381C7D61E288ED100329FE0 /* Candy-Machine */;
			targetProxy = 2381C7F71E288ED100329FE0 /* PBXContainerItemProxy */;
		};
/* End PBXTargetDependency section */

/* Begin PBXVariantGroup section */
		2381C7DE1E288ED100329FE0 /* Main.storyboard */ = {
			isa = PBXVariantGroup;
			children = (
				2381C7DF1E288ED100329FE0 /* Base */,
			);
			name = Main.storyboard;
			sourceTree = "<group>";
		};
		2381C7E31E288ED100329FE0 /* LaunchScreen.storyboard */ = {
			isa = PBXVariantGroup;
			children = (
				2381C7E41E288ED100329FE0 /* Base */,
			);
			name = LaunchScreen.storyboard;
			sourceTree = "<group>";
		};
/* End PBXVariantGroup section */

/* Begin XCBuildConfiguration section */
		2381C7FD1E288ED100329FE0 /* Debug */ = {
			isa = XCBuildConfiguration;
			buildSettings = {
				ALWAYS_SEARCH_USER_PATHS = NO;
				CLANG_ANALYZER_NONNULL = YES;
				CLANG_CXX_LANGUAGE_STANDARD = "gnu++0x";
				CLANG_CXX_LIBRARY = "libc++";
				CLANG_ENABLE_MODULES = YES;
				CLANG_ENABLE_OBJC_ARC = YES;
				CLANG_WARN_BOOL_CONVERSION = YES;
				CLANG_WARN_CONSTANT_CONVERSION = YES;
				CLANG_WARN_DIRECT_OBJC_ISA_USAGE = YES_ERROR;
				CLANG_WARN_DOCUMENTATION_COMMENTS = YES;
				CLANG_WARN_EMPTY_BODY = YES;
				CLANG_WARN_ENUM_CONVERSION = YES;
				CLANG_WARN_INFINITE_RECURSION = YES;
				CLANG_WARN_INT_CONVERSION = YES;
				CLANG_WARN_OBJC_ROOT_CLASS = YES_ERROR;
				CLANG_WARN_SUSPICIOUS_MOVE = YES;
				CLANG_WARN_UNREACHABLE_CODE = YES;
				CLANG_WARN__DUPLICATE_METHOD_MATCH = YES;
				"CODE_SIGN_IDENTITY[sdk=iphoneos*]" = "iPhone Developer";
				COPY_PHASE_STRIP = NO;
				DEBUG_INFORMATION_FORMAT = dwarf;
				ENABLE_STRICT_OBJC_MSGSEND = YES;
				ENABLE_TESTABILITY = YES;
				GCC_C_LANGUAGE_STANDARD = gnu99;
				GCC_DYNAMIC_NO_PIC = NO;
				GCC_NO_COMMON_BLOCKS = YES;
				GCC_OPTIMIZATION_LEVEL = 0;
				GCC_PREPROCESSOR_DEFINITIONS = (
					"DEBUG=1",
					"$(inherited)",
				);
				GCC_WARN_64_TO_32_BIT_CONVERSION = YES;
				GCC_WARN_ABOUT_RETURN_TYPE = YES_ERROR;
				GCC_WARN_UNDECLARED_SELECTOR = YES;
				GCC_WARN_UNINITIALIZED_AUTOS = YES_AGGRESSIVE;
				GCC_WARN_UNUSED_FUNCTION = YES;
				GCC_WARN_UNUSED_VARIABLE = YES;
				IPHONEOS_DEPLOYMENT_TARGET = 10.2;
				MTL_ENABLE_DEBUG_INFO = YES;
				ONLY_ACTIVE_ARCH = YES;
				SDKROOT = iphoneos;
				SWIFT_ACTIVE_COMPILATION_CONDITIONS = DEBUG;
				SWIFT_OPTIMIZATION_LEVEL = "-Onone";
			};
			name = Debug;
		};
		2381C7FE1E288ED100329FE0 /* Release */ = {
			isa = XCBuildConfiguration;
			buildSettings = {
				ALWAYS_SEARCH_USER_PATHS = NO;
				CLANG_ANALYZER_NONNULL = YES;
				CLANG_CXX_LANGUAGE_STANDARD = "gnu++0x";
				CLANG_CXX_LIBRARY = "libc++";
				CLANG_ENABLE_MODULES = YES;
				CLANG_ENABLE_OBJC_ARC = YES;
				CLANG_WARN_BOOL_CONVERSION = YES;
				CLANG_WARN_CONSTANT_CONVERSION = YES;
				CLANG_WARN_DIRECT_OBJC_ISA_USAGE = YES_ERROR;
				CLANG_WARN_DOCUMENTATION_COMMENTS = YES;
				CLANG_WARN_EMPTY_BODY = YES;
				CLANG_WARN_ENUM_CONVERSION = YES;
				CLANG_WARN_INFINITE_RECURSION = YES;
				CLANG_WARN_INT_CONVERSION = YES;
				CLANG_WARN_OBJC_ROOT_CLASS = YES_ERROR;
				CLANG_WARN_SUSPICIOUS_MOVE = YES;
				CLANG_WARN_UNREACHABLE_CODE = YES;
				CLANG_WARN__DUPLICATE_METHOD_MATCH = YES;
				"CODE_SIGN_IDENTITY[sdk=iphoneos*]" = "iPhone Developer";
				COPY_PHASE_STRIP = NO;
				DEBUG_INFORMATION_FORMAT = "dwarf-with-dsym";
				ENABLE_NS_ASSERTIONS = NO;
				ENABLE_STRICT_OBJC_MSGSEND = YES;
				GCC_C_LANGUAGE_STANDARD = gnu99;
				GCC_NO_COMMON_BLOCKS = YES;
				GCC_WARN_64_TO_32_BIT_CONVERSION = YES;
				GCC_WARN_ABOUT_RETURN_TYPE = YES_ERROR;
				GCC_WARN_UNDECLARED_SELECTOR = YES;
				GCC_WARN_UNINITIALIZED_AUTOS = YES_AGGRESSIVE;
				GCC_WARN_UNUSED_FUNCTION = YES;
				GCC_WARN_UNUSED_VARIABLE = YES;
				IPHONEOS_DEPLOYMENT_TARGET = 10.2;
				MTL_ENABLE_DEBUG_INFO = NO;
				SDKROOT = iphoneos;
				SWIFT_OPTIMIZATION_LEVEL = "-Owholemodule";
				VALIDATE_PRODUCT = YES;
			};
			name = Release;
		};
		2381C8001E288ED100329FE0 /* Debug */ = {
			isa = XCBuildConfiguration;
			buildSettings = {
				ASSETCATALOG_COMPILER_APPICON_NAME = AppIcon;
				DEVELOPMENT_TEAM = KGK2UJBFUH;
				FRAMEWORK_SEARCH_PATHS = (
					"$(inherited)",
					"$(PROJECT_DIR)/Carthage/Build/iOS",
				);
				INFOPLIST_FILE = "Candy-Machine/Info.plist";
				IPHONEOS_DEPLOYMENT_TARGET = 10.1;
				LD_RUNPATH_SEARCH_PATHS = "$(inherited) @executable_path/Frameworks";
				PRODUCT_BUNDLE_IDENTIFIER = "com.bourdakos1.Candy-Machine";
				PRODUCT_NAME = "$(TARGET_NAME)";
				SWIFT_VERSION = 3.0;
				TARGETED_DEVICE_FAMILY = "1,2";
			};
			name = Debug;
		};
		2381C8011E288ED100329FE0 /* Release */ = {
			isa = XCBuildConfiguration;
			buildSettings = {
				ASSETCATALOG_COMPILER_APPICON_NAME = AppIcon;
				DEVELOPMENT_TEAM = KGK2UJBFUH;
				FRAMEWORK_SEARCH_PATHS = (
					"$(inherited)",
					"$(PROJECT_DIR)/Carthage/Build/iOS",
				);
				INFOPLIST_FILE = "Candy-Machine/Info.plist";
				IPHONEOS_DEPLOYMENT_TARGET = 10.1;
				LD_RUNPATH_SEARCH_PATHS = "$(inherited) @executable_path/Frameworks";
				PRODUCT_BUNDLE_IDENTIFIER = "com.bourdakos1.Candy-Machine";
				PRODUCT_NAME = "$(TARGET_NAME)";
				SWIFT_VERSION = 3.0;
				TARGETED_DEVICE_FAMILY = "1,2";
			};
			name = Release;
		};
		2381C8031E288ED100329FE0 /* Debug */ = {
			isa = XCBuildConfiguration;
			buildSettings = {
				ALWAYS_EMBED_SWIFT_STANDARD_LIBRARIES = YES;
				BUNDLE_LOADER = "$(TEST_HOST)";
				DEVELOPMENT_TEAM = KGK2UJBFUH;
				INFOPLIST_FILE = "Candy-MachineTests/Info.plist";
				LD_RUNPATH_SEARCH_PATHS = "$(inherited) @executable_path/Frameworks @loader_path/Frameworks";
				PRODUCT_BUNDLE_IDENTIFIER = "com.bourdakos1.Candy-MachineTests";
				PRODUCT_NAME = "$(TARGET_NAME)";
				SWIFT_VERSION = 3.0;
				TEST_HOST = "$(BUILT_PRODUCTS_DIR)/Candy-Machine.app/Candy-Machine";
			};
			name = Debug;
		};
		2381C8041E288ED100329FE0 /* Release */ = {
			isa = XCBuildConfiguration;
			buildSettings = {
				ALWAYS_EMBED_SWIFT_STANDARD_LIBRARIES = YES;
				BUNDLE_LOADER = "$(TEST_HOST)";
				DEVELOPMENT_TEAM = KGK2UJBFUH;
				INFOPLIST_FILE = "Candy-MachineTests/Info.plist";
				LD_RUNPATH_SEARCH_PATHS = "$(inherited) @executable_path/Frameworks @loader_path/Frameworks";
				PRODUCT_BUNDLE_IDENTIFIER = "com.bourdakos1.Candy-MachineTests";
				PRODUCT_NAME = "$(TARGET_NAME)";
				SWIFT_VERSION = 3.0;
				TEST_HOST = "$(BUILT_PRODUCTS_DIR)/Candy-Machine.app/Candy-Machine";
			};
			name = Release;
		};
		2381C8061E288ED100329FE0 /* Debug */ = {
			isa = XCBuildConfiguration;
			buildSettings = {
				ALWAYS_EMBED_SWIFT_STANDARD_LIBRARIES = YES;
				DEVELOPMENT_TEAM = KGK2UJBFUH;
				INFOPLIST_FILE = "Candy-MachineUITests/Info.plist";
				LD_RUNPATH_SEARCH_PATHS = "$(inherited) @executable_path/Frameworks @loader_path/Frameworks";
				PRODUCT_BUNDLE_IDENTIFIER = "com.bourdakos1.Candy-MachineUITests";
				PRODUCT_NAME = "$(TARGET_NAME)";
				SWIFT_VERSION = 3.0;
				TEST_TARGET_NAME = "Candy-Machine";
			};
			name = Debug;
		};
		2381C8071E288ED100329FE0 /* Release */ = {
			isa = XCBuildConfiguration;
			buildSettings = {
				ALWAYS_EMBED_SWIFT_STANDARD_LIBRARIES = YES;
				DEVELOPMENT_TEAM = KGK2UJBFUH;
				INFOPLIST_FILE = "Candy-MachineUITests/Info.plist";
				LD_RUNPATH_SEARCH_PATHS = "$(inherited) @executable_path/Frameworks @loader_path/Frameworks";
				PRODUCT_BUNDLE_IDENTIFIER = "com.bourdakos1.Candy-MachineUITests";
				PRODUCT_NAME = "$(TARGET_NAME)";
				SWIFT_VERSION = 3.0;
				TEST_TARGET_NAME = "Candy-Machine";
			};
			name = Release;
		};
/* End XCBuildConfiguration section */

/* Begin XCConfigurationList section */
		2381C7D21E288ED100329FE0 /* Build configuration list for PBXProject "Candy-Machine" */ = {
			isa = XCConfigurationList;
			buildConfigurations = (
				2381C7FD1E288ED100329FE0 /* Debug */,
				2381C7FE1E288ED100329FE0 /* Release */,
			);
			defaultConfigurationIsVisible = 0;
			defaultConfigurationName = Release;
		};
		2381C7FF1E288ED100329FE0 /* Build configuration list for PBXNativeTarget "Candy-Machine" */ = {
			isa = XCConfigurationList;
			buildConfigurations = (
				2381C8001E288ED100329FE0 /* Debug */,
				2381C8011E288ED100329FE0 /* Release */,
			);
			defaultConfigurationIsVisible = 0;
			defaultConfigurationName = Release;
		};
		2381C8021E288ED100329FE0 /* Build configuration list for PBXNativeTarget "Candy-MachineTests" */ = {
			isa = XCConfigurationList;
			buildConfigurations = (
				2381C8031E288ED100329FE0 /* Debug */,
				2381C8041E288ED100329FE0 /* Release */,
			);
			defaultConfigurationIsVisible = 0;
			defaultConfigurationName = Release;
		};
		2381C8051E288ED100329FE0 /* Build configuration list for PBXNativeTarget "Candy-MachineUITests" */ = {
			isa = XCConfigurationList;
			buildConfigurations = (
				2381C8061E288ED100329FE0 /* Debug */,
				2381C8071E288ED100329FE0 /* Release */,
			);
			defaultConfigurationIsVisible = 0;
			defaultConfigurationName = Release;
		};
/* End XCConfigurationList section */
	};
	rootObject = 2381C7CF1E288ED100329FE0 /* Project object */;
}
